# THIS IS AN AUTOGENERATED FILE. DO NOT EDIT THIS FILE DIRECTLY.
# yarn lockfile v1


ansi-red@^0.1.1:
  version "0.1.1"
  resolved "https://registry.npm.taobao.org/ansi-red/download/ansi-red-0.1.1.tgz#8c638f9d1080800a353c9c28c8a81ca4705d946c"
  integrity sha1-jGOPnRCAgAo1PJwoyKgcpHBdlGw=
  dependencies:
    ansi-wrap "0.1.0"

ansi-wrap@0.1.0:
  version "0.1.0"
  resolved "https://registry.npm.taobao.org/ansi-wrap/download/ansi-wrap-0.1.0.tgz?cache=0&other_urls=https%3A%2F%2Fregistry.npm.taobao.org%2Fansi-wrap%2Fdownload%2Fansi-wrap-0.1.0.tgz#a82250ddb0015e9a27ca82e82ea603bbfa45efaf"
  integrity sha1-qCJQ3bABXponyoLoLqYDu/pF768=

argparse@^1.0.10, argparse@^1.0.7:
  version "1.0.10"
  resolved "https://registry.npm.taobao.org/argparse/download/argparse-1.0.10.tgz#bcd6791ea5ae09725e17e5ad988134cd40b3d911"
  integrity sha1-vNZ5HqWuCXJeF+WtmIE0zUCz2RE=
  dependencies:
    sprintf-js "~1.0.2"

autolinker@~0.28.0:
  version "0.28.1"
  resolved "https://registry.npm.taobao.org/autolinker/download/autolinker-0.28.1.tgz#0652b491881879f0775dace0cdca3233942a4e47"
  integrity sha1-BlK0kYgYefB3XazgzcoyM5QqTkc=
  dependencies:
    gulp-header "^1.7.1"

axios@^0.19.0:
  version "0.19.0"
  resolved "https://registry.npm.taobao.org/axios/download/axios-0.19.0.tgz?cache=0&other_urls=https%3A%2F%2Fregistry.npm.taobao.org%2Faxios%2Fdownload%2Faxios-0.19.0.tgz#8e09bff3d9122e133f7b8101c8fbdd00ed3d2ab8"
  integrity sha1-jgm/89kSLhM/e4EByPvdAO09Krg=
  dependencies:
    follow-redirects "1.5.10"
    is-buffer "^2.0.2"

buffer-from@^1.0.0:
  version "1.1.1"
  resolved "https://registry.npm.taobao.org/buffer-from/download/buffer-from-1.1.1.tgz#32713bc028f75c02fdb710d7c7bcec1f2c6070ef"
  integrity sha1-MnE7wCj3XAL9txDXx7zsHyxgcO8=

coffee-script@^1.12.4:
  version "1.12.7"
  resolved "https://registry.npm.taobao.org/coffee-script/download/coffee-script-1.12.7.tgz?cache=0&sync_timestamp=1560427549197&other_urls=https%3A%2F%2Fregistry.npm.taobao.org%2Fcoffee-script%2Fdownload%2Fcoffee-script-1.12.7.tgz#c05dae0cb79591d05b3070a8433a98c9a89ccc53"
  integrity sha1-wF2uDLeVkdBbMHCoQzqYyaiczFM=

concat-stream@^1.5.2:
  version "1.6.2"
  resolved "https://registry.npm.taobao.org/concat-stream/download/concat-stream-1.6.2.tgz?cache=0&other_urls=https%3A%2F%2Fregistry.npm.taobao.org%2Fconcat-stream%2Fdownload%2Fconcat-stream-1.6.2.tgz#904bdf194cd3122fc675c77fc4ac3d4ff0fd1a34"
  integrity sha1-kEvfGUzTEi/Gdcd/xKw9T/D9GjQ=
  dependencies:
    buffer-from "^1.0.0"
    inherits "^2.0.3"
    readable-stream "^2.2.2"
    typedarray "^0.0.6"

concat-with-sourcemaps@*:
  version "1.1.0"
  resolved "https://registry.npm.taobao.org/concat-with-sourcemaps/download/concat-with-sourcemaps-1.1.0.tgz#d4ea93f05ae25790951b99e7b3b09e3908a4082e"
  integrity sha1-1OqT8FriV5CVG5nns7CeOQikCC4=
  dependencies:
    source-map "^0.6.1"

core-util-is@~1.0.0:
  version "1.0.2"
  resolved "https://registry.npm.taobao.org/core-util-is/download/core-util-is-1.0.2.tgz#b5fd54220aa2bc5ab57aab7140c940754503c1a7"
  integrity sha1-tf1UIgqivFq1eqtxQMlAdUUDwac=

debug@=3.1.0:
  version "3.1.0"
  resolved "https://registry.npm.taobao.org/debug/download/debug-3.1.0.tgz#5bb5a0672628b64149566ba16819e61518c67261"
  integrity sha1-W7WgZyYotkFJVmuhaBnmFRjGcmE=
  dependencies:
    ms "2.0.0"

diacritics-map@^0.1.0:
  version "0.1.0"
  resolved "https://registry.npm.taobao.org/diacritics-map/download/diacritics-map-0.1.0.tgz#6dfc0ff9d01000a2edf2865371cac316e94977af"
  integrity sha1-bfwP+dAQAKLt8oZTccrDFulJd68=

dotenv@^8.1.0:
  version "8.1.0"
  resolved "https://registry.npm.taobao.org/dotenv/download/dotenv-8.1.0.tgz#d811e178652bfb8a1e593c6dd704ec7e90d85ea2"
  integrity sha1-2BHheGUr+4oeWTxt1wTsfpDYXqI=

esprima@^4.0.0:
  version "4.0.1"
  resolved "https://registry.npm.taobao.org/esprima/download/esprima-4.0.1.tgz#13b04cdb3e6c5d19df91ab6987a8695619b0aa71"
  integrity sha1-E7BM2z5sXRnfkatph6hpVhmwqnE=

expand-range@^1.8.1:
  version "1.8.2"
  resolved "https://registry.npm.taobao.org/expand-range/download/expand-range-1.8.2.tgz#a299effd335fe2721ebae8e257ec79644fc85337"
  integrity sha1-opnv/TNf4nIeuujiV+x5ZE/IUzc=
  dependencies:
    fill-range "^2.1.0"

extend-shallow@^2.0.1:
  version "2.0.1"
  resolved "https://registry.npm.taobao.org/extend-shallow/download/extend-shallow-2.0.1.tgz#51af7d614ad9a9f610ea1bafbb989d6b1c56890f"
  integrity sha1-Ua99YUrZqfYQ6huvu5idaxxWiQ8=
  dependencies:
    is-extendable "^0.1.0"

fill-range@^2.1.0:
  version "2.2.4"
  resolved "https://registry.npm.taobao.org/fill-range/download/fill-range-2.2.4.tgz#eb1e773abb056dcd8df2bfdf6af59b8b3a936565"
  integrity sha1-6x53OrsFbc2N8r/favWbizqTZWU=
  dependencies:
    is-number "^2.1.0"
    isobject "^2.0.0"
    randomatic "^3.0.0"
    repeat-element "^1.1.2"
    repeat-string "^1.5.2"

follow-redirects@1.5.10:
  version "1.5.10"
  resolved "https://registry.npm.taobao.org/follow-redirects/download/follow-redirects-1.5.10.tgz#7b7a9f9aea2fdff36786a94ff643ed07f4ff5e2a"
  integrity sha1-e3qfmuov3/NnhqlP9kPtB/T/Xio=
  dependencies:
    debug "=3.1.0"

for-in@^1.0.2:
  version "1.0.2"
  resolved "https://registry.npm.taobao.org/for-in/download/for-in-1.0.2.tgz#81068d295a8142ec0ac726c6e2200c30fb6d5e80"
  integrity sha1-gQaNKVqBQuwKxybG4iAMMPttXoA=

gray-matter@^2.1.0:
  version "2.1.1"
  resolved "https://registry.npm.taobao.org/gray-matter/download/gray-matter-2.1.1.tgz#3042d9adec2a1ded6a7707a9ed2380f8a17a430e"
  integrity sha1-MELZrewqHe1qdwep7SOA+KF6Qw4=
  dependencies:
    ansi-red "^0.1.1"
    coffee-script "^1.12.4"
    extend-shallow "^2.0.1"
    js-yaml "^3.8.1"
    toml "^2.3.2"

gulp-header@^1.7.1:
  version "1.8.12"
  resolved "https://registry.npm.taobao.org/gulp-header/download/gulp-header-1.8.12.tgz#ad306be0066599127281c4f8786660e705080a84"
  integrity sha1-rTBr4AZlmRJygcT4eGZg5wUICoQ=
  dependencies:
    concat-with-sourcemaps "*"
    lodash.template "^4.4.0"
    through2 "^2.0.0"

inherits@^2.0.3, inherits@~2.0.3:
  version "2.0.4"
  resolved "https://registry.npm.taobao.org/inherits/download/inherits-2.0.4.tgz?cache=0&other_urls=https%3A%2F%2Fregistry.npm.taobao.org%2Finherits%2Fdownload%2Finherits-2.0.4.tgz#0fa2c64f932917c3433a0ded55363aae37416b7c"
  integrity sha1-D6LGT5MpF8NDOg3tVTY6rjdBa3w=

is-buffer@^1.1.5:
  version "1.1.6"
  resolved "https://registry.yarnpkg.com/is-buffer/-/is-buffer-1.1.6.tgz#efaa2ea9daa0d7ab2ea13a97b2b8ad51fefbe8be"
  integrity sha512-NcdALwpXkTm5Zvvbk7owOUSvVvBKDgKP5/ewfXEznmQFfs4ZRmanOeKBTjRVjka3QFoN6XJ+9F3USqfHqTaU5w==

is-buffer@^2.0.2:
  version "2.0.3"
  resolved "https://registry.npm.taobao.org/is-buffer/download/is-buffer-2.0.3.tgz#4ecf3fcf749cbd1e472689e109ac66261a25e725"
  integrity sha1-Ts8/z3ScvR5HJonhCaxmJhol5yU=

is-extendable@^0.1.0:
  version "0.1.1"
  resolved "https://registry.npm.taobao.org/is-extendable/download/is-extendable-0.1.1.tgz#62b110e289a471418e3ec36a617d472e301dfc89"
  integrity sha1-YrEQ4omkcUGOPsNqYX1HLjAd/Ik=

is-extendable@^1.0.1:
  version "1.0.1"
  resolved "https://registry.npm.taobao.org/is-extendable/download/is-extendable-1.0.1.tgz#a7470f9e426733d81bd81e1155264e3a3507cab4"
  integrity sha1-p0cPnkJnM9gb2B4RVSZOOjUHyrQ=
  dependencies:
    is-plain-object "^2.0.4"

is-number@^2.1.0:
  version "2.1.0"
  resolved "https://registry.npm.taobao.org/is-number/download/is-number-2.1.0.tgz#01fcbbb393463a548f2f466cce16dece49db908f"
  integrity sha1-Afy7s5NGOlSPL0ZszhbezknbkI8=
  dependencies:
    kind-of "^3.0.2"

is-number@^4.0.0:
  version "4.0.0"
  resolved "https://registry.npm.taobao.org/is-number/download/is-number-4.0.0.tgz#0026e37f5454d73e356dfe6564699867c6a7f0ff"
  integrity sha1-ACbjf1RU1z41bf5lZGmYZ8an8P8=

is-plain-object@^2.0.4:
  version "2.0.4"
  resolved "https://registry.npm.taobao.org/is-plain-object/download/is-plain-object-2.0.4.tgz#2c163b3fafb1b606d9d17928f05c2a1c38e07677"
  integrity sha1-LBY7P6+xtgbZ0Xko8FwqHDjgdnc=
  dependencies:
    isobject "^3.0.1"

isarray@1.0.0, isarray@~1.0.0:
  version "1.0.0"
  resolved "https://registry.npm.taobao.org/isarray/download/isarray-1.0.0.tgz?cache=0&sync_timestamp=1562592096220&other_urls=https%3A%2F%2Fregistry.npm.taobao.org%2Fisarray%2Fdownload%2Fisarray-1.0.0.tgz#bb935d48582cba168c06834957a54a3e07124f11"
  integrity sha1-u5NdSFgsuhaMBoNJV6VKPgcSTxE=

isobject@^2.0.0:
  version "2.1.0"
  resolved "https://registry.npm.taobao.org/isobject/download/isobject-2.1.0.tgz#f065561096a3f1da2ef46272f815c840d87e0c89"
  integrity sha1-8GVWEJaj8dou9GJy+BXIQNh+DIk=
  dependencies:
    isarray "1.0.0"

isobject@^3.0.1:
  version "3.0.1"
  resolved "https://registry.npm.taobao.org/isobject/download/isobject-3.0.1.tgz#4e431e92b11a9731636aa1f9c8d1ccbcfdab78df"
  integrity sha1-TkMekrEalzFjaqH5yNHMvP2reN8=

js-yaml@^3.8.1:
  version "3.13.1"
  resolved "https://registry.npm.taobao.org/js-yaml/download/js-yaml-3.13.1.tgz#aff151b30bfdfa8e49e05da22e7415e9dfa37847"
  integrity sha1-r/FRswv9+o5J4F2iLnQV6d+jeEc=
  dependencies:
    argparse "^1.0.7"
    esprima "^4.0.0"

kind-of@^3.0.2:
  version "3.2.2"
  resolved "https://registry.yarnpkg.com/kind-of/-/kind-of-3.2.2.tgz#31ea21a734bab9bbb0f32466d893aea51e4a3c64"
  integrity sha1-MeohpzS6ubuw8yRm2JOupR5KPGQ=
  dependencies:
    is-buffer "^1.1.5"

kind-of@^6.0.0:
  version "6.0.2"
  resolved "https://registry.npm.taobao.org/kind-of/download/kind-of-6.0.2.tgz#01146b36a6218e64e58f3a8d66de5d7fc6f6d051"
  integrity sha1-ARRrNqYhjmTljzqNZt5df8b20FE=

lazy-cache@^2.0.2:
  version "2.0.2"
  resolved "https://registry.npm.taobao.org/lazy-cache/download/lazy-cache-2.0.2.tgz#b9190a4f913354694840859f8a8f7084d8822264"
  integrity sha1-uRkKT5EzVGlIQIWfio9whNiCImQ=
  dependencies:
    set-getter "^0.1.0"

list-item@^1.1.1:
  version "1.1.1"
  resolved "https://registry.npm.taobao.org/list-item/download/list-item-1.1.1.tgz#0c65d00e287cb663ccb3cb3849a77e89ec268a56"
  integrity sha1-DGXQDih8tmPMs8s4Sad+iewmilY=
  dependencies:
    expand-range "^1.8.1"
    extend-shallow "^2.0.1"
    is-number "^2.1.0"
    repeat-string "^1.5.2"

lodash._reinterpolate@^3.0.0:
  version "3.0.0"
  resolved "https://registry.npm.taobao.org/lodash._reinterpolate/download/lodash._reinterpolate-3.0.0.tgz#0ccf2d89166af03b3663c796538b75ac6e114d9d"
  integrity sha1-DM8tiRZq8Ds2Y8eWU4t1rG4RTZ0=

lodash.template@^4.4.0:
  version "4.5.0"
  resolved "https://registry.npm.taobao.org/lodash.template/download/lodash.template-4.5.0.tgz#f976195cf3f347d0d5f52483569fe8031ccce8ab"
  integrity sha1-+XYZXPPzR9DV9SSDVp/oAxzM6Ks=
  dependencies:
    lodash._reinterpolate "^3.0.0"
    lodash.templatesettings "^4.0.0"

lodash.templatesettings@^4.0.0:
  version "4.2.0"
  resolved "https://registry.npm.taobao.org/lodash.templatesettings/download/lodash.templatesettings-4.2.0.tgz?cache=0&other_urls=https%3A%2F%2Fregistry.npm.taobao.org%2Flodash.templatesettings%2Fdownload%2Flodash.templatesettings-4.2.0.tgz#e481310f049d3cf6d47e912ad09313b154f0fb33"
  integrity sha1-5IExDwSdPPbUfpEq0JMTsVTw+zM=
  dependencies:
    lodash._reinterpolate "^3.0.0"

markdown-link@^0.1.1:
  version "0.1.1"
  resolved "https://registry.npm.taobao.org/markdown-link/download/markdown-link-0.1.1.tgz#32c5c65199a6457316322d1e4229d13407c8c7cf"
  integrity sha1-MsXGUZmmRXMWMi0eQinRNAfIx88=

markdown-toc@^1.2.0:
  version "1.2.0"
  resolved "https://registry.npm.taobao.org/markdown-toc/download/markdown-toc-1.2.0.tgz#44a15606844490314afc0444483f9e7b1122c339"
  integrity sha1-RKFWBoREkDFK/ARESD+eexEiwzk=
  dependencies:
    concat-stream "^1.5.2"
    diacritics-map "^0.1.0"
    gray-matter "^2.1.0"
    lazy-cache "^2.0.2"
    list-item "^1.1.1"
    markdown-link "^0.1.1"
    minimist "^1.2.0"
    mixin-deep "^1.1.3"
    object.pick "^1.2.0"
    remarkable "^1.7.1"
    repeat-string "^1.6.1"
    strip-color "^0.1.0"

math-random@^1.0.1:
  version "1.0.4"
  resolved "https://registry.npm.taobao.org/math-random/download/math-random-1.0.4.tgz#5dd6943c938548267016d4e34f057583080c514c"
  integrity sha1-XdaUPJOFSCZwFtTjTwV1gwgMUUw=

minimist@^1.2.0:
  version "1.2.5"
  resolved "https://registry.yarnpkg.com/minimist/-/minimist-1.2.5.tgz#67d66014b66a6a8aaa0c083c5fd58df4e4e97602"
  integrity sha512-FM9nNUYrRBAELZQT3xeZQ7fmMOBg6nWNmJKTcgsJeaLstP/UODVpGsr5OhXhhXg6f+qtJ8uiZ+PUxkDWcgIXLw==

mixin-deep@^1.1.3:
  version "1.3.2"
  resolved "https://registry.npm.taobao.org/mixin-deep/download/mixin-deep-1.3.2.tgz#1120b43dc359a785dce65b55b82e257ccf479566"
  integrity sha1-ESC0PcNZp4Xc5ltVuC4lfM9HlWY=
  dependencies:
    for-in "^1.0.2"
    is-extendable "^1.0.1"

ms@2.0.0:
  version "2.0.0"
  resolved "https://registry.npm.taobao.org/ms/download/ms-2.0.0.tgz#5608aeadfc00be6c2901df5f9861788de0d597c8"
  integrity sha1-VgiurfwAvmwpAd9fmGF4jeDVl8g=

object.pick@^1.2.0:
  version "1.3.0"
  resolved "https://registry.npm.taobao.org/object.pick/download/object.pick-1.3.0.tgz#87a10ac4c1694bd2e1cbf53591a66141fb5dd747"
  integrity sha1-h6EKxMFpS9Lhy/U1kaZhQftd10c=
  dependencies:
    isobject "^3.0.1"

process-nextick-args@~2.0.0:
  version "2.0.1"
  resolved "https://registry.npm.taobao.org/process-nextick-args/download/process-nextick-args-2.0.1.tgz#7820d9b16120cc55ca9ae7792680ae7dba6d7fe2"
  integrity sha1-eCDZsWEgzFXKmud5JoCufbptf+I=

randomatic@^3.0.0:
  version "3.1.1"
  resolved "https://registry.npm.taobao.org/randomatic/download/randomatic-3.1.1.tgz#b776efc59375984e36c537b2f51a1f0aff0da1ed"
  integrity sha1-t3bvxZN1mE42xTey9RofCv8Noe0=
  dependencies:
    is-number "^4.0.0"
    kind-of "^6.0.0"
    math-random "^1.0.1"

readable-stream@^2.2.2, readable-stream@~2.3.6:
  version "2.3.6"
  resolved "https://registry.npm.taobao.org/readable-stream/download/readable-stream-2.3.6.tgz?cache=0&other_urls=https%3A%2F%2Fregistry.npm.taobao.org%2Freadable-stream%2Fdownload%2Freadable-stream-2.3.6.tgz#b11c27d88b8ff1fbe070643cf94b0c79ae1b0aaf"
  integrity sha1-sRwn2IuP8fvgcGQ8+UsMea4bCq8=
  dependencies:
    core-util-is "~1.0.0"
    inherits "~2.0.3"
    isarray "~1.0.0"
    process-nextick-args "~2.0.0"
    safe-buffer "~5.1.1"
    string_decoder "~1.1.1"
    util-deprecate "~1.0.1"

remarkable@^1.7.1:
  version "1.7.4"
  resolved "https://registry.npm.taobao.org/remarkable/download/remarkable-1.7.4.tgz#19073cb960398c87a7d6546eaa5e50d2022fcd00"
  integrity sha1-GQc8uWA5jIen1lRuql5Q0gIvzQA=
  dependencies:
    argparse "^1.0.10"
    autolinker "~0.28.0"

repeat-element@^1.1.2:
  version "1.1.3"
  resolved "https://registry.npm.taobao.org/repeat-element/download/repeat-element-1.1.3.tgz#782e0d825c0c5a3bb39731f84efee6b742e6b1ce"
  integrity sha1-eC4NglwMWjuzlzH4Tv7mt0Lmsc4=

repeat-string@^1.5.2, repeat-string@^1.6.1:
  version "1.6.1"
  resolved "https://registry.npm.taobao.org/repeat-string/download/repeat-string-1.6.1.tgz#8dcae470e1c88abc2d600fff4a776286da75e637"
  integrity sha1-jcrkcOHIirwtYA//Sndihtp15jc=

safe-buffer@~5.1.0, safe-buffer@~5.1.1:
  version "5.1.2"
  resolved "https://registry.npm.taobao.org/safe-buffer/download/safe-buffer-5.1.2.tgz?cache=0&sync_timestamp=1562377642757&other_urls=https%3A%2F%2Fregistry.npm.taobao.org%2Fsafe-buffer%2Fdownload%2Fsafe-buffer-5.1.2.tgz#991ec69d296e0313747d59bdfd2b745c35f8828d"
  integrity sha1-mR7GnSluAxN0fVm9/St0XDX4go0=

set-getter@^0.1.0:
  version "0.1.1"
  resolved "https://registry.yarnpkg.com/set-getter/-/set-getter-0.1.1.tgz#a3110e1b461d31a9cfc8c5c9ee2e9737ad447102"
  integrity sha512-9sVWOy+gthr+0G9DzqqLaYNA7+5OKkSmcqjL9cBpDEaZrr3ShQlyX2cZ/O/ozE41oxn/Tt0LGEM/w4Rub3A3gw==
  dependencies:
    to-object-path "^0.3.0"

source-map@^0.6.1:
  version "0.6.1"
  resolved "https://registry.npm.taobao.org/source-map/download/source-map-0.6.1.tgz#74722af32e9614e9c287a8d0bbde48b5e2f1a263"
  integrity sha1-dHIq8y6WFOnCh6jQu95IteLxomM=

sprintf-js@~1.0.2:
  version "1.0.3"
  resolved "https://registry.npm.taobao.org/sprintf-js/download/sprintf-js-1.0.3.tgz?cache=0&other_urls=https%3A%2F%2Fregistry.npm.taobao.org%2Fsprintf-js%2Fdownload%2Fsprintf-js-1.0.3.tgz#04e6926f662895354f3dd015203633b857297e2c"
  integrity sha1-BOaSb2YolTVPPdAVIDYzuFcpfiw=

string_decoder@~1.1.1:
  version "1.1.1"
  resolved "https://registry.npm.taobao.org/string_decoder/download/string_decoder-1.1.1.tgz#9cf1611ba62685d7030ae9e4ba34149c3af03fc8"
  integrity sha1-nPFhG6YmhdcDCunkujQUnDrwP8g=
  dependencies:
    safe-buffer "~5.1.0"

strip-color@^0.1.0:
  version "0.1.0"
  resolved "https://registry.npm.taobao.org/strip-color/download/strip-color-0.1.0.tgz#106f65d3d3e6a2d9401cac0eb0ce8b8a702b4f7b"
  integrity sha1-EG9l09PmotlAHKwOsM6LinArT3s=

through2@^2.0.0:
  version "2.0.5"
  resolved "https://registry.npm.taobao.org/through2/download/through2-2.0.5.tgz#01c1e39eb31d07cb7d03a96a70823260b23132cd"
  integrity sha1-AcHjnrMdB8t9A6lqcIIyYLIxMs0=
  dependencies:
    readable-stream "~2.3.6"
    xtend "~4.0.1"

to-object-path@^0.3.0:
  version "0.3.0"
  resolved "https://registry.yarnpkg.com/to-object-path/-/to-object-path-0.3.0.tgz#297588b7b0e7e0ac08e04e672f85c1f4999e17af"
  integrity sha1-KXWIt7Dn4KwI4E5nL4XB9JmeF68=
  dependencies:
    kind-of "^3.0.2"

toml@^2.3.2:
  version "2.3.6"
  resolved "https://registry.npm.taobao.org/toml/download/toml-2.3.6.tgz#25b0866483a9722474895559088b436fd11f861b"
  integrity sha1-JbCGZIOpciR0iVVZCItDb9Efhhs=

typedarray@^0.0.6:
  version "0.0.6"
  resolved "https://registry.npm.taobao.org/typedarray/download/typedarray-0.0.6.tgz#867ac74e3864187b1d3d47d996a78ec5c8830777"
  integrity sha1-hnrHTjhkGHsdPUfZlqeOxciDB3c=

util-deprecate@~1.0.1:
  version "1.0.2"
  resolved "https://registry.npm.taobao.org/util-deprecate/download/util-deprecate-1.0.2.tgz#450d4dc9fa70de732762fbd2d4a28981419a0ccf"
  integrity sha1-RQ1Nyfpw3nMnYvvS1KKJgUGaDM8=

xtend@~4.0.1:
  version "4.0.2"
  resolved "https://registry.npm.taobao.org/xtend/download/xtend-4.0.2.tgz#bb72779f5fa465186b1f438f674fa347fdb5db54"
  integrity sha1-u3J3n1+kZRhrH0OPZ0+jR/2121Q=
